
Microsoft Visual Studio Solution File, Format Version 10.00
# Visual Studio 2008
Project("{8BC9CEB8-8B4A-11D0-8D11-00A0C91BC942}") = "Inject", "Inject\Inject.vcproj", "{E3305049-B5B5-4BCD-96F0-248DD3EC84FA}"
EndProject
Project("{8BC9CEB8-8B4A-11D0-8D11-00A0C91BC942}") = "AccelerateGear", "AccelerateGear\AccelerateGear.vcproj", "{06E29659-BAAE-4A67-AC8D-B725A594A8DF}"
EndProject
Global
	GlobalSection(SolutionConfigurationPlatforms) = preSolution
		Debug|Win32 = Debug|Win32
		Release|Win32 = Release|Win32
	EndGlobalSection
	GlobalSection(ProjectConfigurationPlatforms) = postSolution
		{E3305049-B5B5-4BCD-96F0-248DD3EC84FA}.Debug|Win32.ActiveCfg = Debug|Win32
		{E3305049-B5B5-4BCD-96F0-248DD3EC84FA}.Debug|Win32.Build.0 = Debug|Win32
		{E3305049-B5B5-4BCD-96F0-248DD3EC84FA}.Release|Win32.ActiveCfg = Release|Win32
		{E3305049-B5B5-4BCD-96F0-248DD3EC84FA}.Release|Win32.Build.0 = Release|Win32
		{06E29659-BAAE-4A67-AC8D-B725A594A8DF}.Debug|Win32.ActiveCfg = Debug|Win32
		{06E29659-BAAE-4A67-AC8D-B725A594A8DF}.Debug|Win32.Build.0 = Debug|Win32
		{06E29659-BAAE-4A67-AC8D-B725A594A8DF}.Release|Win32.ActiveCfg = Release|Win32
		{06E29659-BAAE-4A67-AC8D-B725A594A8DF}.Release|Win32.Build.0 = Release|Win32
	EndGlobalSection
	GlobalSection(SolutionProperties) = preSolution
		HideSolutionNode = FALSE
	EndGlobalSection
EndGlobal
